{
  "name": "ajs-9_3-node",
  "version": "1.0.0",
  "lockfileVersion": 1,
  "requires": true,
  "dependencies": {
    "@alexander-drach/ajs-9_3": {
      "version": "1.0.0",
      "resolved": "https://npm.pkg.github.com/download/@alexander-drach/ajs-9_3/1.0.0/51f79c747ce5d37e9a78d2a3e075e71a1b9c2a45ab8478c9cefb4fb243d3c848",
      "integrity": "sha512-KpvgQK0EbaMah5vvtzxh9YOlZzRtpmuybfMF9WujZZw9FWEFe7pfXeD6O55A7MqEa4OOBvP647pbLwEsuwvLDg=="
    }
  }
}
